
Microsoft Visual Studio Solution File, Format Version 12.00
# Visual Studio 15
Project("{FAE04EC0-301F-11D3-BF4B-00C04F79EFBC}") = "Assembly-CSharp", "Assembly-CSharp.csproj", "{6003CC3C-9B86-D1B1-729A-2A14DFD8DD86}"
EndProject
Project("{FAE04EC0-301F-11D3-BF4B-00C04F79EFBC}") = "Pcx", "Pcx.csproj", "{7E8F6682-36CE-A0EB-E665-AC8D0281E19A}"
EndProject
Project("{FAE04EC0-301F-11D3-BF4B-00C04F79EFBC}") = "Pcx.Editor", "Pcx.Editor.csproj", "{638C0873-DB36-33A5-13A0-596BBE04E7E0}"
EndProject
Project("{FAE04EC0-301F-11D3-BF4B-00C04F79EFBC}") = "EditorMigrationScripts", "EditorMigrationScripts.csproj", "{8C789103-3A9C-9221-0642-160AC865C228}"
EndProject
Global
	GlobalSection(SolutionConfigurationPlatforms) = preSolution
		Debug|Any CPU = Debug|Any CPU
		Release|Any CPU = Release|Any CPU
	EndGlobalSection
	GlobalSection(ProjectConfigurationPlatforms) = postSolution
		{6003CC3C-9B86-D1B1-729A-2A14DFD8DD86}.Debug|Any CPU.ActiveCfg = Debug|Any CPU
		{6003CC3C-9B86-D1B1-729A-2A14DFD8DD86}.Debug|Any CPU.Build.0 = Debug|Any CPU
		{6003CC3C-9B86-D1B1-729A-2A14DFD8DD86}.Release|Any CPU.ActiveCfg = Release|Any CPU
		{6003CC3C-9B86-D1B1-729A-2A14DFD8DD86}.Release|Any CPU.Build.0 = Release|Any CPU
		{7E8F6682-36CE-A0EB-E665-AC8D0281E19A}.Debug|Any CPU.ActiveCfg = Debug|Any CPU
		{7E8F6682-36CE-A0EB-E665-AC8D0281E19A}.Debug|Any CPU.Build.0 = Debug|Any CPU
		{7E8F6682-36CE-A0EB-E665-AC8D0281E19A}.Release|Any CPU.ActiveCfg = Release|Any CPU
		{7E8F6682-36CE-A0EB-E665-AC8D0281E19A}.Release|Any CPU.Build.0 = Release|Any CPU
		{638C0873-DB36-33A5-13A0-596BBE04E7E0}.Debug|Any CPU.ActiveCfg = Debug|Any CPU
		{638C0873-DB36-33A5-13A0-596BBE04E7E0}.Debug|Any CPU.Build.0 = Debug|Any CPU
		{638C0873-DB36-33A5-13A0-596BBE04E7E0}.Release|Any CPU.ActiveCfg = Release|Any CPU
		{638C0873-DB36-33A5-13A0-596BBE04E7E0}.Release|Any CPU.Build.0 = Release|Any CPU
		{8C789103-3A9C-9221-0642-160AC865C228}.Debug|Any CPU.ActiveCfg = Debug|Any CPU
		{8C789103-3A9C-9221-0642-160AC865C228}.Debug|Any CPU.Build.0 = Debug|Any CPU
		{8C789103-3A9C-9221-0642-160AC865C228}.Release|Any CPU.ActiveCfg = Release|Any CPU
		{8C789103-3A9C-9221-0642-160AC865C228}.Release|Any CPU.Build.0 = Release|Any CPU
	EndGlobalSection
	GlobalSection(SolutionProperties) = preSolution
		HideSolutionNode = FALSE
	EndGlobalSection
EndGlobal
